<?xml version="1.0" encoding="utf-8"?>
<Project ToolsVersion="4.0" xmlns="http://schemas.microsoft.com/developer/msbuild/2003">
  <ItemGroup>
    <Filter Include="Source Files">
      <UniqueIdentifier>{4FC737F1-C7A5-4376-A066-2A32D752A2FF}</UniqueIdentifier>
      <Extensions>cpp;c;cc;cxx;def;odl;idl;hpj;bat;asm;asmx</Extensions>
    </Filter>
    <Filter Include="Header Files">
      <UniqueIdentifier>{93995380-89BD-4b04-88EB-625FBE52EBFB}</UniqueIdentifier>
      <Extensions>h;hh;hpp;hxx;hm;inl;inc;xsd</Extensions>
    </Filter>
    <Filter Include="Resource Files">
      <UniqueIdentifier>{67DA6AB6-F800-4c08-8B7A-83BB121AAD01}</UniqueIdentifier>
      <Extensions>rc;ico;cur;bmp;dlg;rc2;rct;bin;rgs;gif;jpg;jpeg;jpe;resx;tiff;tif;png;wav;mfcribbon-ms</Extensions>
    </Filter>
    <Filter Include="Header Files\Attacks">
      <UniqueIdentifier>{69d0151e-b2b3-4276-b87d-444a50c989bb}</UniqueIdentifier>
    </Filter>
    <Filter Include="Source Files\Attacks">
      <UniqueIdentifier>{ad0e7639-3ebb-4f11-a39f-ec511d5b26a9}</UniqueIdentifier>
    </Filter>
    <Filter Include="Header Files\Characters">
      <UniqueIdentifier>{a24e00ba-1987-4f2f-843e-fe8efa3ef496}</UniqueIdentifier>
    </Filter>
    <Filter Include="Header Files\World">
      <UniqueIdentifier>{1d03cc5f-2e00-4a3c-896f-605b55af85ab}</UniqueIdentifier>
    </Filter>
    <Filter Include="Source Files\World">
      <UniqueIdentifier>{641a78f2-aaa0-4848-b7c8-f636e5fdcd5b}</UniqueIdentifier>
    </Filter>
    <Filter Include="Source Files\Characters">
      <UniqueIdentifier>{92218a4d-5fc7-4b92-960b-afd54cc65250}</UniqueIdentifier>
    </Filter>
    <Filter Include="Header Files\Events">
      <UniqueIdentifier>{d1d0566e-8efa-4992-89e0-cb60eedc37f7}</UniqueIdentifier>
    </Filter>
    <Filter Include="Source Files\Events">
      <UniqueIdentifier>{ac5d8f7e-9a7b-48ee-9132-dd156a283634}</UniqueIdentifier>
    </Filter>
  </ItemGroup>
  <ItemGroup>
    <ClCompile Include="main.cpp">
      <Filter>Source Files</Filter>
    </ClCompile>
    <ClCompile Include="Image.cpp">
      <Filter>Source Files</Filter>
    </ClCompile>
    <ClCompile Include="Inventory.cpp">
      <Filter>Source Files</Filter>
    </ClCompile>
    <ClCompile Include="MatrixBase.cpp">
      <Filter>Source Files</Filter>
    </ClCompile>
    <ClCompile Include="MatrixManager.cpp">
      <Filter>Source Files</Filter>
    </ClCompile>
    <ClCompile Include="StartScreen.cpp">
      <Filter>Source Files</Filter>
    </ClCompile>
    <ClCompile Include="Attack_HorizontalLine.cpp">
      <Filter>Source Files\Attacks</Filter>
    </ClCompile>
    <ClCompile Include="AttackBase.cpp">
      <Filter>Source Files\Attacks</Filter>
    </ClCompile>
    <ClCompile Include="AttackPattern_ShootHorizontal.cpp">
      <Filter>Source Files\Attacks</Filter>
    </ClCompile>
    <ClCompile Include="AttackPatternBase.cpp">
      <Filter>Source Files\Attacks</Filter>
    </ClCompile>
    <ClCompile Include="BattleBase.cpp">
      <Filter>Source Files</Filter>
    </ClCompile>
    <ClCompile Include="WorldBase.cpp">
      <Filter>Source Files\World</Filter>
    </ClCompile>
    <ClCompile Include="Pickup.cpp">
      <Filter>Source Files\World</Filter>
    </ClCompile>
    <ClCompile Include="Attack_Explode.cpp">
      <Filter>Source Files\Attacks</Filter>
    </ClCompile>
    <ClCompile Include="Attack_Border.cpp">
      <Filter>Source Files\Attacks</Filter>
    </ClCompile>
    <ClCompile Include="AttackPattern_Explode.cpp">
      <Filter>Source Files\Attacks</Filter>
    </ClCompile>
    <ClCompile Include="CharacterBase.cpp">
      <Filter>Source Files\Characters</Filter>
    </ClCompile>
    <ClCompile Include="Sprite.cpp">
      <Filter>Source Files\World</Filter>
    </ClCompile>
    <ClCompile Include="PlayerSprite.cpp">
      <Filter>Source Files\World</Filter>
    </ClCompile>
    <ClCompile Include="NPCSprite.cpp">
      <Filter>Source Files\World</Filter>
    </ClCompile>
    <ClCompile Include="AttackPattern_ShootAtPlayer.cpp">
      <Filter>Source Files\Attacks</Filter>
    </ClCompile>
    <ClCompile Include="BattleDialogBase.cpp">
      <Filter>Source Files</Filter>
    </ClCompile>
    <ClCompile Include="DialogManager.cpp">
      <Filter>Source Files</Filter>
    </ClCompile>
    <ClCompile Include="Attack_VerticleGap.cpp">
      <Filter>Source Files\Attacks</Filter>
    </ClCompile>
    <ClCompile Include="AttackPattern_VerticleGap.cpp">
      <Filter>Source Files\Attacks</Filter>
    </ClCompile>
    <ClCompile Include="EventBase.cpp">
      <Filter>Source Files\Events</Filter>
    </ClCompile>
    <ClCompile Include="Attack_Wall.cpp">
      <Filter>Source Files\Attacks</Filter>
    </ClCompile>
    <ClCompile Include="AttackPattern_Wall.cpp">
      <Filter>Source Files\Attacks</Filter>
    </ClCompile>
    <ClCompile Include="PopupWithCollision.cpp">
      <Filter>Source Files\World</Filter>
    </ClCompile>
    <ClCompile Include="Event_AttackOnSight.cpp">
      <Filter>Source Files\Events</Filter>
    </ClCompile>
    <ClCompile Include="Event_Test.cpp">
      <Filter>Source Files\Events</Filter>
    </ClCompile>
    <ClCompile Include="Popup.cpp">
      <Filter>Source Files\World</Filter>
    </ClCompile>
    <ClCompile Include="Maze.cpp">
      <Filter>Source Files\World</Filter>
    </ClCompile>
    <ClCompile Include="Event_Tutorial.cpp">
      <Filter>Source Files\Events</Filter>
    </ClCompile>
    <ClCompile Include="Event_TeleportPlayer.cpp">
      <Filter>Source Files\Events</Filter>
    </ClCompile>
    <ClCompile Include="Event_BorderIncident.cpp">
      <Filter>Source Files\Events</Filter>
    </ClCompile>
    <ClCompile Include="Attack_Snake.cpp">
      <Filter>Source Files\Attacks</Filter>
    </ClCompile>
    <ClCompile Include="AttackPattern_Snake.cpp">
      <Filter>Source Files\Attacks</Filter>
    </ClCompile>
    <ClCompile Include="Event_LostDevice.cpp">
      <Filter>Source Files\Events</Filter>
    </ClCompile>
    <ClCompile Include="AttackPattern_ShootandExplode.cpp">
      <Filter>Source Files\Attacks</Filter>
    </ClCompile>
    <ClCompile Include="AttackPattern_SnakeandExplode.cpp">
      <Filter>Source Files\Attacks</Filter>
    </ClCompile>
    <ClCompile Include="AttackPattern_ShootandSnake.cpp">
      <Filter>Source Files\Attacks</Filter>
    </ClCompile>
  </ItemGroup>
  <ItemGroup>
    <ClInclude Include="WinMainParameters.h">
      <Filter>Header Files</Filter>
    </ClInclude>
    <ClInclude Include="resource.h">
      <Filter>Header Files</Filter>
    </ClInclude>
    <ClInclude Include="Image.h">
      <Filter>Header Files</Filter>
    </ClInclude>
    <ClInclude Include="Inventory.h">
      <Filter>Header Files</Filter>
    </ClInclude>
    <ClInclude Include="Item.h">
      <Filter>Header Files</Filter>
    </ClInclude>
    <ClInclude Include="MatrixBase.h">
      <Filter>Header Files</Filter>
    </ClInclude>
    <ClInclude Include="MatrixManager.h">
      <Filter>Header Files</Filter>
    </ClInclude>
    <ClInclude Include="StartScreen.h">
      <Filter>Header Files</Filter>
    </ClInclude>
    <ClInclude Include="Attack_HorizontalLine.h">
      <Filter>Header Files\Attacks</Filter>
    </ClInclude>
    <ClInclude Include="AttackBase.h">
      <Filter>Header Files\Attacks</Filter>
    </ClInclude>
    <ClInclude Include="AttackPattern_ShootHorizontal.h">
      <Filter>Header Files\Attacks</Filter>
    </ClInclude>
    <ClInclude Include="AttackPatternBase.h">
      <Filter>Header Files\Attacks</Filter>
    </ClInclude>
    <ClInclude Include="AttackPatterns.h">
      <Filter>Header Files\Attacks</Filter>
    </ClInclude>
    <ClInclude Include="Attacks.h">
      <Filter>Header Files\Attacks</Filter>
    </ClInclude>
    <ClInclude Include="BattleBase.h">
      <Filter>Header Files</Filter>
    </ClInclude>
    <ClInclude Include="Chr_AllMight.h">
      <Filter>Header Files\Characters</Filter>
    </ClInclude>
    <ClInclude Include="Characters.h">
      <Filter>Header Files\Characters</Filter>
    </ClInclude>
    <ClInclude Include="WorldBase.h">
      <Filter>Header Files\World</Filter>
    </ClInclude>
    <ClInclude Include="Signpost.h">
      <Filter>Header Files\World</Filter>
    </ClInclude>
    <ClInclude Include="Pickup.h">
      <Filter>Header Files\World</Filter>
    </ClInclude>
    <ClInclude Include="Attack_Border.h">
      <Filter>Header Files\Attacks</Filter>
    </ClInclude>
    <ClInclude Include="Attack_Explode.h">
      <Filter>Header Files\Attacks</Filter>
    </ClInclude>
    <ClInclude Include="AttackPattern_Explode.h">
      <Filter>Header Files\Attacks</Filter>
    </ClInclude>
    <ClInclude Include="Sprite.h">
      <Filter>Header Files\World</Filter>
    </ClInclude>
    <ClInclude Include="PlayerSprite.h">
      <Filter>Header Files\World</Filter>
    </ClInclude>
    <ClInclude Include="NPCSprite.h">
      <Filter>Header Files\World</Filter>
    </ClInclude>
    <ClInclude Include="BattleDialogBase.h">
      <Filter>Header Files</Filter>
    </ClInclude>
    <ClInclude Include="AttackPattern_ShootAtPlayer.h">
      <Filter>Header Files\Attacks</Filter>
    </ClInclude>
    <ClInclude Include="DialogManager.h">
      <Filter>Header Files\World</Filter>
    </ClInclude>
    <ClInclude Include="DialogNode.h">
      <Filter>Header Files\World</Filter>
    </ClInclude>
    <ClInclude Include="Attack_VerticleGap.h">
      <Filter>Header Files\Attacks</Filter>
    </ClInclude>
    <ClInclude Include="AttackPattern_VerticleGap.h">
      <Filter>Header Files\Attacks</Filter>
    </ClInclude>
    <ClInclude Include="EventBase.h">
      <Filter>Header Files\Events</Filter>
    </ClInclude>
    <ClInclude Include="AttackPattern_Wall.h">
      <Filter>Header Files\Attacks</Filter>
    </ClInclude>
    <ClInclude Include="Attack_Wall.h">
      <Filter>Header Files\Attacks</Filter>
    </ClInclude>
    <ClInclude Include="Event_Test.h">
      <Filter>Header Files\Events</Filter>
    </ClInclude>
    <ClInclude Include="Events.h">
      <Filter>Header Files\Events</Filter>
    </ClInclude>
    <ClInclude Include="Maze.h">
      <Filter>Header Files\World</Filter>
    </ClInclude>
    <ClInclude Include="PopupWithCollision.h">
      <Filter>Header Files\World</Filter>
    </ClInclude>
    <ClInclude Include="Popup.h">
      <Filter>Header Files\World</Filter>
    </ClInclude>
    <ClInclude Include="Event_AttackOnSight.h">
      <Filter>Header Files\Events</Filter>
    </ClInclude>
    <ClInclude Include="stdafx.h">
      <Filter>Header Files</Filter>
    </ClInclude>
    <ClInclude Include="BossFightDefinition.h">
      <Filter>Header Files</Filter>
    </ClInclude>
    <ClInclude Include="SplashScreen.h">
      <Filter>Header Files</Filter>
    </ClInclude>
    <ClInclude Include="Event_Tutorial.h">
      <Filter>Header Files\Events</Filter>
    </ClInclude>
    <ClInclude Include="CharacterBase.h">
      <Filter>Header Files\Characters</Filter>
    </ClInclude>
    <ClInclude Include="Chr_TutorialNPC.h">
      <Filter>Header Files\Characters</Filter>
    </ClInclude>
    <ClInclude Include="WorldSprite.h">
      <Filter>Header Files\World</Filter>
    </ClInclude>
    <ClInclude Include="ScreenPosition.h">
      <Filter>Header Files\World</Filter>
    </ClInclude>
    <ClInclude Include="Chr_BackgroundNPC.h">
      <Filter>Header Files\Characters</Filter>
    </ClInclude>
    <ClInclude Include="SpriteSheet.h">
      <Filter>Header Files\World</Filter>
    </ClInclude>
    <ClInclude Include="Event_TeleportPlayer.h">
      <Filter>Header Files\Events</Filter>
    </ClInclude>
    <ClInclude Include="Event_BorderIncident.h">
      <Filter>Header Files\Events</Filter>
    </ClInclude>
    <ClInclude Include="Chr_Ryuuko.h">
      <Filter>Header Files\Characters</Filter>
    </ClInclude>
    <ClInclude Include="Chr_Aki.h">
      <Filter>Header Files\Characters</Filter>
    </ClInclude>
    <ClInclude Include="Chr_AkiFinal.h">
      <Filter>Header Files\Characters</Filter>
    </ClInclude>
    <ClInclude Include="Chr_Bonny.h">
      <Filter>Header Files\Characters</Filter>
    </ClInclude>
    <ClInclude Include="Chr_Sharktooth.h">
      <Filter>Header Files\Characters</Filter>
    </ClInclude>
    <ClInclude Include="Attack_Snake.h">
      <Filter>Header Files\Attacks</Filter>
    </ClInclude>
    <ClInclude Include="AttackPattern_Snake.h">
      <Filter>Header Files\Attacks</Filter>
    </ClInclude>
    <ClInclude Include="Event_LostDevice.h">
      <Filter>Header Files\Events</Filter>
    </ClInclude>
    <ClInclude Include="AttackPattern_ShootandExplode.h">
      <Filter>Header Files\Attacks</Filter>
    </ClInclude>
    <ClInclude Include="AttackPattern_SnakeandExplode.h">
      <Filter>Header Files\Attacks</Filter>
    </ClInclude>
    <ClInclude Include="AttackPattern_ShootandSnake.h">
      <Filter>Header Files\Attacks</Filter>
    </ClInclude>
  </ItemGroup>
  <ItemGroup>
    <ResourceCompile Include="LaunchWin32WindowFromConsole.rc">
      <Filter>Resource Files</Filter>
    </ResourceCompile>
  </ItemGroup>
  <ItemGroup>
    <Image Include="LaunchWin32WindowFromConsole.ico">
      <Filter>Resource Files</Filter>
    </Image>
  </ItemGroup>
</Project>