<?xml version="1.0" encoding="utf-8"?>
<Project ToolsVersion="4.0" xmlns="http://schemas.microsoft.com/developer/msbuild/2003">
  <ItemGroup>
    <Filter Include="Source Files">
      <UniqueIdentifier>{4FC737F1-C7A5-4376-A066-2A32D752A2FF}</UniqueIdentifier>
      <Extensions>cpp;c;cc;cxx;def;odl;idl;hpj;bat;asm;asmx</Extensions>
    </Filter>
    <Filter Include="Header Files">
      <UniqueIdentifier>{93995380-89BD-4b04-88EB-625FBE52EBFB}</UniqueIdentifier>
      <Extensions>h;hh;hpp;hxx;hm;inl;inc;xsd</Extensions>
    </Filter>
    <Filter Include="Resource Files">
      <UniqueIdentifier>{67DA6AB6-F800-4c08-8B7A-83BB121AAD01}</UniqueIdentifier>
      <Extensions>rc;ico;cur;bmp;dlg;rc2;rct;bin;rgs;gif;jpg;jpeg;jpe;resx;tiff;tif;png;wav;mfcribbon-ms</Extensions>
    </Filter>
    <Filter Include="Header Files\Characters">
      <UniqueIdentifier>{a24e00ba-1987-4f2f-843e-fe8efa3ef496}</UniqueIdentifier>
    </Filter>
    <Filter Include="Header Files\World">
      <UniqueIdentifier>{1d03cc5f-2e00-4a3c-896f-605b55af85ab}</UniqueIdentifier>
    </Filter>
    <Filter Include="Source Files\World">
      <UniqueIdentifier>{641a78f2-aaa0-4848-b7c8-f636e5fdcd5b}</UniqueIdentifier>
    </Filter>
    <Filter Include="Source Files\Characters">
      <UniqueIdentifier>{92218a4d-5fc7-4b92-960b-afd54cc65250}</UniqueIdentifier>
    </Filter>
    <Filter Include="Header Files\Events">
      <UniqueIdentifier>{d1d0566e-8efa-4992-89e0-cb60eedc37f7}</UniqueIdentifier>
    </Filter>
    <Filter Include="Source Files\Events">
      <UniqueIdentifier>{ac5d8f7e-9a7b-48ee-9132-dd156a283634}</UniqueIdentifier>
    </Filter>
    <Filter Include="Header Files\Utilities">
      <UniqueIdentifier>{5c820e82-f3bd-46bf-90ed-a26cf22c3e5b}</UniqueIdentifier>
    </Filter>
    <Filter Include="Source Files\Utilities">
      <UniqueIdentifier>{91473345-f981-4071-8754-0aad3edae09a}</UniqueIdentifier>
    </Filter>
    <Filter Include="Header Files\Battle">
      <UniqueIdentifier>{97688c17-709e-44ac-9644-facaa55994e7}</UniqueIdentifier>
    </Filter>
    <Filter Include="Header Files\Battle\Attack Patterns">
      <UniqueIdentifier>{e4953ac9-5952-44dc-a693-d72902098ebb}</UniqueIdentifier>
    </Filter>
    <Filter Include="Header Files\Battle\Attacks">
      <UniqueIdentifier>{69d0151e-b2b3-4276-b87d-444a50c989bb}</UniqueIdentifier>
    </Filter>
    <Filter Include="Source Files\Battle">
      <UniqueIdentifier>{f23d64b5-494b-4a80-8918-162c853a4def}</UniqueIdentifier>
    </Filter>
    <Filter Include="Source Files\Battle\Attacks">
      <UniqueIdentifier>{ad0e7639-3ebb-4f11-a39f-ec511d5b26a9}</UniqueIdentifier>
    </Filter>
    <Filter Include="Source Files\Battle\Attack Patterns">
      <UniqueIdentifier>{6fc1f4e2-d278-44c8-b253-760f35024476}</UniqueIdentifier>
    </Filter>
    <Filter Include="Header Files\Characters\Examples">
      <UniqueIdentifier>{615b931d-10da-4ad3-aca1-399c5033d82e}</UniqueIdentifier>
    </Filter>
    <Filter Include="Header Files\Characters\Main Characters">
      <UniqueIdentifier>{53d98dbc-b47a-4043-aa46-7435585edf58}</UniqueIdentifier>
    </Filter>
    <Filter Include="Header Files\Characters\Cannon Fodder">
      <UniqueIdentifier>{e0175480-8781-4aa8-9860-01ee0b03c421}</UniqueIdentifier>
    </Filter>
    <Filter Include="Header Files\Characters\Not Hostile">
      <UniqueIdentifier>{47800709-ba17-4628-ae9d-c7c593366fc7}</UniqueIdentifier>
    </Filter>
    <Filter Include="Header Files\Events\Unique Events">
      <UniqueIdentifier>{b1406013-9641-4c72-9ca6-b90f26e624f2}</UniqueIdentifier>
    </Filter>
    <Filter Include="Source Files\Events\Unique Events">
      <UniqueIdentifier>{a40bf579-cad5-4e3a-af23-6d1b88bd8f90}</UniqueIdentifier>
    </Filter>
    <Filter Include="Header Files\Battle\Multi-Attack Patterns">
      <UniqueIdentifier>{abb25811-0944-4a65-8fe6-e74019e7e695}</UniqueIdentifier>
    </Filter>
    <Filter Include="Source Files\Battle\Multi-Attack Patterns">
      <UniqueIdentifier>{56e874d0-a0f4-46cf-8ecf-f981b26f58ff}</UniqueIdentifier>
    </Filter>
    <Filter Include="Resource Files\Sprites">
      <UniqueIdentifier>{1b019998-0f5a-4c37-b261-0d0f93624f90}</UniqueIdentifier>
    </Filter>
  </ItemGroup>
  <ItemGroup>
    <ClCompile Include="main.cpp">
      <Filter>Source Files</Filter>
    </ClCompile>
    <ClCompile Include="Inventory.cpp">
      <Filter>Source Files</Filter>
    </ClCompile>
    <ClCompile Include="MatrixManager.cpp">
      <Filter>Source Files</Filter>
    </ClCompile>
    <ClCompile Include="StartScreen.cpp">
      <Filter>Source Files</Filter>
    </ClCompile>
    <ClCompile Include="WorldBase.cpp">
      <Filter>Source Files\World</Filter>
    </ClCompile>
    <ClCompile Include="Pickup.cpp">
      <Filter>Source Files\World</Filter>
    </ClCompile>
    <ClCompile Include="Attack_Explode.cpp">
      <Filter>Source Files\Battle\Attacks</Filter>
    </ClCompile>
    <ClCompile Include="Attack_Border.cpp">
      <Filter>Source Files\Battle\Attacks</Filter>
    </ClCompile>
    <ClCompile Include="CharacterBase.cpp">
      <Filter>Source Files\Characters</Filter>
    </ClCompile>
    <ClCompile Include="Sprite.cpp">
      <Filter>Source Files\World</Filter>
    </ClCompile>
    <ClCompile Include="PlayerSprite.cpp">
      <Filter>Source Files\World</Filter>
    </ClCompile>
    <ClCompile Include="NPCSprite.cpp">
      <Filter>Source Files\World</Filter>
    </ClCompile>
    <ClCompile Include="Attack_VerticleGap.cpp">
      <Filter>Source Files\Battle\Attacks</Filter>
    </ClCompile>
    <ClCompile Include="EventBase.cpp">
      <Filter>Source Files\Events</Filter>
    </ClCompile>
    <ClCompile Include="Attack_Wall.cpp">
      <Filter>Source Files\Battle\Attacks</Filter>
    </ClCompile>
    <ClCompile Include="PopupWithCollision.cpp">
      <Filter>Source Files\World</Filter>
    </ClCompile>
    <ClCompile Include="Event_AttackOnSight.cpp">
      <Filter>Source Files\Events</Filter>
    </ClCompile>
    <ClCompile Include="Event_Test.cpp">
      <Filter>Source Files\Events</Filter>
    </ClCompile>
    <ClCompile Include="Popup.cpp">
      <Filter>Source Files\World</Filter>
    </ClCompile>
    <ClCompile Include="Event_TeleportPlayer.cpp">
      <Filter>Source Files\Events</Filter>
    </ClCompile>
    <ClCompile Include="Attack_Snake.cpp">
      <Filter>Source Files\Battle\Attacks</Filter>
    </ClCompile>
    <ClCompile Include="Image.cpp">
      <Filter>Source Files\Utilities</Filter>
    </ClCompile>
    <ClCompile Include="RGBA.cpp">
      <Filter>Source Files\Utilities</Filter>
    </ClCompile>
    <ClCompile Include="Matrix.cpp">
      <Filter>Source Files\Utilities</Filter>
    </ClCompile>
    <ClCompile Include="MatrixBase.cpp">
      <Filter>Source Files\Utilities</Filter>
    </ClCompile>
    <ClCompile Include="AttackPatternBase.cpp">
      <Filter>Source Files\Battle</Filter>
    </ClCompile>
    <ClCompile Include="AttackBase.cpp">
      <Filter>Source Files\Battle</Filter>
    </ClCompile>
    <ClCompile Include="AttackPattern_Explode.cpp">
      <Filter>Source Files\Battle\Attack Patterns</Filter>
    </ClCompile>
    <ClCompile Include="AttackPattern_ShootAtPlayer.cpp">
      <Filter>Source Files\Battle\Attack Patterns</Filter>
    </ClCompile>
    <ClCompile Include="AttackPattern_ShootHorizontal.cpp">
      <Filter>Source Files\Battle\Attack Patterns</Filter>
    </ClCompile>
    <ClCompile Include="AttackPattern_Snake.cpp">
      <Filter>Source Files\Battle\Attack Patterns</Filter>
    </ClCompile>
    <ClCompile Include="AttackPattern_VerticleGap.cpp">
      <Filter>Source Files\Battle\Attack Patterns</Filter>
    </ClCompile>
    <ClCompile Include="AttackPattern_Wall.cpp">
      <Filter>Source Files\Battle\Attack Patterns</Filter>
    </ClCompile>
    <ClCompile Include="BattleBase.cpp">
      <Filter>Source Files\Battle</Filter>
    </ClCompile>
    <ClCompile Include="BattleDialogBase.cpp">
      <Filter>Source Files\Battle</Filter>
    </ClCompile>
    <ClCompile Include="DialogManager.cpp">
      <Filter>Source Files\World</Filter>
    </ClCompile>
    <ClCompile Include="Event_BorderIncident.cpp">
      <Filter>Source Files\Events\Unique Events</Filter>
    </ClCompile>
    <ClCompile Include="Event_LostDevice.cpp">
      <Filter>Source Files\Events\Unique Events</Filter>
    </ClCompile>
    <ClCompile Include="Event_Tutorial.cpp">
      <Filter>Source Files\Events\Unique Events</Filter>
    </ClCompile>
    <ClCompile Include="Event_ThrowOffCliff.cpp">
      <Filter>Source Files\Events\Unique Events</Filter>
    </ClCompile>
    <ClCompile Include="Event_AkiClearCave.cpp">
      <Filter>Source Files\Events\Unique Events</Filter>
    </ClCompile>
    <ClCompile Include="Event_Cubans.cpp">
      <Filter>Source Files\Events\Unique Events</Filter>
    </ClCompile>
    <ClCompile Include="Event_ThotPatrol.cpp">
      <Filter>Source Files\Events\Unique Events</Filter>
    </ClCompile>
    <ClCompile Include="Event_BridgeRally2.cpp">
      <Filter>Source Files\Events\Unique Events</Filter>
    </ClCompile>
    <ClCompile Include="Event_BridgeRally.cpp">
      <Filter>Source Files\Events\Unique Events</Filter>
    </ClCompile>
    <ClCompile Include="Event_BridgeRally3.cpp">
      <Filter>Source Files\Events\Unique Events</Filter>
    </ClCompile>
    <ClCompile Include="Event_MoveNPCIfDefeated.cpp">
      <Filter>Source Files\Events</Filter>
    </ClCompile>
    <ClCompile Include="Event_RemoveObject.cpp">
      <Filter>Source Files\Events</Filter>
    </ClCompile>
    <ClCompile Include="Event_RollCredits.cpp">
      <Filter>Source Files\Events\Unique Events</Filter>
    </ClCompile>
    <ClCompile Include="Credits.cpp">
      <Filter>Source Files</Filter>
    </ClCompile>
    <ClCompile Include="Event_SetupEnding.cpp">
      <Filter>Source Files\Events\Unique Events</Filter>
    </ClCompile>
    <ClCompile Include="Event_MoveNPC.cpp">
      <Filter>Source Files\Events</Filter>
    </ClCompile>
    <ClCompile Include="Event_TeleportNPC.cpp">
      <Filter>Source Files\Events</Filter>
    </ClCompile>
    <ClCompile Include="Event_StopAudio.cpp">
      <Filter>Source Files\Events</Filter>
    </ClCompile>
    <ClCompile Include="SoundtrackManager.cpp">
      <Filter>Source Files</Filter>
    </ClCompile>
    <ClCompile Include="Attack_HorizontalLineArrow.cpp">
      <Filter>Source Files\Battle\Attacks</Filter>
    </ClCompile>
    <ClCompile Include="Attack_Clock.cpp">
      <Filter>Source Files\Battle\Attacks</Filter>
    </ClCompile>
    <ClCompile Include="Attack_SafeBox.cpp">
      <Filter>Source Files\Battle\Attacks</Filter>
    </ClCompile>
    <ClCompile Include="AttackPattern_SafeSquares.cpp">
      <Filter>Source Files\Battle\Attack Patterns</Filter>
    </ClCompile>
    <ClCompile Include="Attack_Dot.cpp">
      <Filter>Source Files\Battle\Attacks</Filter>
    </ClCompile>
    <ClCompile Include="AttackPattern_HailStorm.cpp">
      <Filter>Source Files\Battle\Attack Patterns</Filter>
    </ClCompile>
    <ClCompile Include="AttackPattern_CoordinatedStorm.cpp">
      <Filter>Source Files\Battle\Attack Patterns</Filter>
    </ClCompile>
    <ClCompile Include="AttackPattern_ShootSnake.cpp">
      <Filter>Source Files\Battle\Multi-Attack Patterns</Filter>
    </ClCompile>
    <ClCompile Include="AttackPattern_ShootExplode.cpp">
      <Filter>Source Files\Battle\Multi-Attack Patterns</Filter>
    </ClCompile>
    <ClCompile Include="AttackPattern_SnakeExplode.cpp">
      <Filter>Source Files\Battle\Multi-Attack Patterns</Filter>
    </ClCompile>
    <ClCompile Include="AttackPattern_SnakeCoordinatedStorm.cpp">
      <Filter>Source Files\Battle\Multi-Attack Patterns</Filter>
    </ClCompile>
    <ClCompile Include="AttackPattern_SnakeHailStorm.cpp">
      <Filter>Source Files\Battle\Multi-Attack Patterns</Filter>
    </ClCompile>
  </ItemGroup>
  <ItemGroup>
    <ClInclude Include="WinMainParameters.h">
      <Filter>Header Files</Filter>
    </ClInclude>
    <ClInclude Include="Inventory.h">
      <Filter>Header Files</Filter>
    </ClInclude>
    <ClInclude Include="Item.h">
      <Filter>Header Files</Filter>
    </ClInclude>
    <ClInclude Include="MatrixManager.h">
      <Filter>Header Files</Filter>
    </ClInclude>
    <ClInclude Include="StartScreen.h">
      <Filter>Header Files</Filter>
    </ClInclude>
    <ClInclude Include="Characters.h">
      <Filter>Header Files\Characters</Filter>
    </ClInclude>
    <ClInclude Include="WorldBase.h">
      <Filter>Header Files\World</Filter>
    </ClInclude>
    <ClInclude Include="Signpost.h">
      <Filter>Header Files\World</Filter>
    </ClInclude>
    <ClInclude Include="Pickup.h">
      <Filter>Header Files\World</Filter>
    </ClInclude>
    <ClInclude Include="Attack_Border.h">
      <Filter>Header Files\Battle\Attacks</Filter>
    </ClInclude>
    <ClInclude Include="Attack_Explode.h">
      <Filter>Header Files\Battle\Attacks</Filter>
    </ClInclude>
    <ClInclude Include="Sprite.h">
      <Filter>Header Files\World</Filter>
    </ClInclude>
    <ClInclude Include="PlayerSprite.h">
      <Filter>Header Files\World</Filter>
    </ClInclude>
    <ClInclude Include="NPCSprite.h">
      <Filter>Header Files\World</Filter>
    </ClInclude>
    <ClInclude Include="DialogManager.h">
      <Filter>Header Files\World</Filter>
    </ClInclude>
    <ClInclude Include="DialogNode.h">
      <Filter>Header Files\World</Filter>
    </ClInclude>
    <ClInclude Include="Attack_VerticleGap.h">
      <Filter>Header Files\Battle\Attacks</Filter>
    </ClInclude>
    <ClInclude Include="EventBase.h">
      <Filter>Header Files\Events</Filter>
    </ClInclude>
    <ClInclude Include="Attack_Wall.h">
      <Filter>Header Files\Battle\Attacks</Filter>
    </ClInclude>
    <ClInclude Include="Event_Test.h">
      <Filter>Header Files\Events</Filter>
    </ClInclude>
    <ClInclude Include="Events.h">
      <Filter>Header Files\Events</Filter>
    </ClInclude>
    <ClInclude Include="PopupWithCollision.h">
      <Filter>Header Files\World</Filter>
    </ClInclude>
    <ClInclude Include="Popup.h">
      <Filter>Header Files\World</Filter>
    </ClInclude>
    <ClInclude Include="Event_AttackOnSight.h">
      <Filter>Header Files\Events</Filter>
    </ClInclude>
    <ClInclude Include="stdafx.h">
      <Filter>Header Files</Filter>
    </ClInclude>
    <ClInclude Include="SplashScreen.h">
      <Filter>Header Files</Filter>
    </ClInclude>
    <ClInclude Include="CharacterBase.h">
      <Filter>Header Files\Characters</Filter>
    </ClInclude>
    <ClInclude Include="ScreenPosition.h">
      <Filter>Header Files\World</Filter>
    </ClInclude>
    <ClInclude Include="Chr_BackgroundNPC.h">
      <Filter>Header Files\Characters</Filter>
    </ClInclude>
    <ClInclude Include="SpriteSheet.h">
      <Filter>Header Files\World</Filter>
    </ClInclude>
    <ClInclude Include="Event_TeleportPlayer.h">
      <Filter>Header Files\Events</Filter>
    </ClInclude>
    <ClInclude Include="Attack_Snake.h">
      <Filter>Header Files\Battle\Attacks</Filter>
    </ClInclude>
    <ClInclude Include="Image.h">
      <Filter>Header Files\Utilities</Filter>
    </ClInclude>
    <ClInclude Include="Matrix.h">
      <Filter>Header Files\Utilities</Filter>
    </ClInclude>
    <ClInclude Include="MatrixBase.h">
      <Filter>Header Files\Utilities</Filter>
    </ClInclude>
    <ClInclude Include="RGBA.h">
      <Filter>Header Files\Utilities</Filter>
    </ClInclude>
    <ClInclude Include="ColoredString.h">
      <Filter>Header Files\Utilities</Filter>
    </ClInclude>
    <ClInclude Include="ColorPalette.h">
      <Filter>Header Files\Utilities</Filter>
    </ClInclude>
    <ClInclude Include="Texture.h">
      <Filter>Header Files\Utilities</Filter>
    </ClInclude>
    <ClInclude Include="resource.h">
      <Filter>Header Files</Filter>
    </ClInclude>
    <ClInclude Include="BattleBase.h">
      <Filter>Header Files\Battle</Filter>
    </ClInclude>
    <ClInclude Include="BossFightDefinition.h">
      <Filter>Header Files\Battle</Filter>
    </ClInclude>
    <ClInclude Include="BattleDialogBase.h">
      <Filter>Header Files\Battle</Filter>
    </ClInclude>
    <ClInclude Include="AttackBase.h">
      <Filter>Header Files\Battle</Filter>
    </ClInclude>
    <ClInclude Include="AttackPatterns.h">
      <Filter>Header Files\Battle</Filter>
    </ClInclude>
    <ClInclude Include="Attacks.h">
      <Filter>Header Files\Battle</Filter>
    </ClInclude>
    <ClInclude Include="AttackPatternBase.h">
      <Filter>Header Files\Battle</Filter>
    </ClInclude>
    <ClInclude Include="AttackPattern_Explode.h">
      <Filter>Header Files\Battle\Attack Patterns</Filter>
    </ClInclude>
    <ClInclude Include="AttackPattern_ShootAtPlayer.h">
      <Filter>Header Files\Battle\Attack Patterns</Filter>
    </ClInclude>
    <ClInclude Include="AttackPattern_ShootHorizontal.h">
      <Filter>Header Files\Battle\Attack Patterns</Filter>
    </ClInclude>
    <ClInclude Include="AttackPattern_Snake.h">
      <Filter>Header Files\Battle\Attack Patterns</Filter>
    </ClInclude>
    <ClInclude Include="AttackPattern_VerticleGap.h">
      <Filter>Header Files\Battle\Attack Patterns</Filter>
    </ClInclude>
    <ClInclude Include="AttackPattern_Wall.h">
      <Filter>Header Files\Battle\Attack Patterns</Filter>
    </ClInclude>
    <ClInclude Include="BitmapDefinition.h">
      <Filter>Header Files\Utilities</Filter>
    </ClInclude>
    <ClInclude Include="Chr_DialogExample.h">
      <Filter>Header Files\Characters\Examples</Filter>
    </ClInclude>
    <ClInclude Include="Chr_Ryuuko.h">
      <Filter>Header Files\Characters\Main Characters</Filter>
    </ClInclude>
    <ClInclude Include="Chr_Sharktooth.h">
      <Filter>Header Files\Characters\Main Characters</Filter>
    </ClInclude>
    <ClInclude Include="Chr_Aki.h">
      <Filter>Header Files\Characters\Main Characters</Filter>
    </ClInclude>
    <ClInclude Include="Chr_AkiFinal.h">
      <Filter>Header Files\Characters\Main Characters</Filter>
    </ClInclude>
    <ClInclude Include="Chr_Bonny.h">
      <Filter>Header Files\Characters\Main Characters</Filter>
    </ClInclude>
    <ClInclude Include="Chr_TutorialNPC.h">
      <Filter>Header Files\Characters\Cannon Fodder</Filter>
    </ClInclude>
    <ClInclude Include="Chr_MiniBoss4.h">
      <Filter>Header Files\Characters\Cannon Fodder</Filter>
    </ClInclude>
    <ClInclude Include="Chr_MiniBoss1.h">
      <Filter>Header Files\Characters\Cannon Fodder</Filter>
    </ClInclude>
    <ClInclude Include="Chr_MiniBoss2.h">
      <Filter>Header Files\Characters\Cannon Fodder</Filter>
    </ClInclude>
    <ClInclude Include="Chr_MiniBoss3.h">
      <Filter>Header Files\Characters\Cannon Fodder</Filter>
    </ClInclude>
    <ClInclude Include="Chr_DoorGuardSharktooth.h">
      <Filter>Header Files\Characters\Cannon Fodder</Filter>
    </ClInclude>
    <ClInclude Include="Chr_DoorGuardRyuuko.h">
      <Filter>Header Files\Characters\Cannon Fodder</Filter>
    </ClInclude>
    <ClInclude Include="Chr_SleepingPirate.h">
      <Filter>Header Files\Characters\Cannon Fodder</Filter>
    </ClInclude>
    <ClInclude Include="Chr_AppleSalesman.h">
      <Filter>Header Files\Characters\Not Hostile</Filter>
    </ClInclude>
    <ClInclude Include="Chr_EverythingSalesman.h">
      <Filter>Header Files\Characters\Not Hostile</Filter>
    </ClInclude>
    <ClInclude Include="Chr_FeatherSalesman.h">
      <Filter>Header Files\Characters\Not Hostile</Filter>
    </ClInclude>
    <ClInclude Include="Chr_CheckpointGuard.h">
      <Filter>Header Files\Characters\Cannon Fodder</Filter>
    </ClInclude>
    <ClInclude Include="Chr_AkiPassive.h">
      <Filter>Header Files\Characters\Not Hostile</Filter>
    </ClInclude>
    <ClInclude Include="Chr_PacingPirate.h">
      <Filter>Header Files\Characters\Not Hostile</Filter>
    </ClInclude>
    <ClInclude Include="BattleSprite.h">
      <Filter>Header Files\Battle</Filter>
    </ClInclude>
    <ClInclude Include="Chr_MinorNPC.h">
      <Filter>Header Files\Characters\Examples</Filter>
    </ClInclude>
    <ClInclude Include="Event_LostDevice.h">
      <Filter>Header Files\Events\Unique Events</Filter>
    </ClInclude>
    <ClInclude Include="Event_BorderIncident.h">
      <Filter>Header Files\Events\Unique Events</Filter>
    </ClInclude>
    <ClInclude Include="Event_Tutorial.h">
      <Filter>Header Files\Events\Unique Events</Filter>
    </ClInclude>
    <ClInclude Include="Event_BridgeRally.h">
      <Filter>Header Files\Events\Unique Events</Filter>
    </ClInclude>
    <ClInclude Include="Event_BridgeRally2.h">
      <Filter>Header Files\Events\Unique Events</Filter>
    </ClInclude>
    <ClInclude Include="Event_BridgeRally3.h">
      <Filter>Header Files\Events\Unique Events</Filter>
    </ClInclude>
    <ClInclude Include="Event_Cubans.h">
      <Filter>Header Files\Events\Unique Events</Filter>
    </ClInclude>
    <ClInclude Include="Event_AkiClearCave.h">
      <Filter>Header Files\Events\Unique Events</Filter>
    </ClInclude>
    <ClInclude Include="Event_ThrowOffCliff.h">
      <Filter>Header Files\Events\Unique Events</Filter>
    </ClInclude>
    <ClInclude Include="Event_ThotPatrol.h">
      <Filter>Header Files\Events\Unique Events</Filter>
    </ClInclude>
    <ClInclude Include="Event_MoveNPCIfDefeated.h">
      <Filter>Header Files\Events</Filter>
    </ClInclude>
    <ClInclude Include="Chr_ThotPatrol.h">
      <Filter>Header Files\Characters\Main Characters</Filter>
    </ClInclude>
    <ClInclude Include="Event_RemoveObject.h">
      <Filter>Header Files\Events</Filter>
    </ClInclude>
    <ClInclude Include="Event_RollCredits.h">
      <Filter>Header Files\Events\Unique Events</Filter>
    </ClInclude>
    <ClInclude Include="Credits.h">
      <Filter>Header Files</Filter>
    </ClInclude>
    <ClInclude Include="Event_SetupEnding.h">
      <Filter>Header Files\Events\Unique Events</Filter>
    </ClInclude>
    <ClInclude Include="Chr_BadEndingGuy.h">
      <Filter>Header Files\Characters\Not Hostile</Filter>
    </ClInclude>
    <ClInclude Include="PlayerDefinition.h">
      <Filter>Header Files\Utilities</Filter>
    </ClInclude>
    <ClInclude Include="Event_MoveNPC.h">
      <Filter>Header Files\Events</Filter>
    </ClInclude>
    <ClInclude Include="WorldSpriteContainer.h">
      <Filter>Header Files\World</Filter>
    </ClInclude>
    <ClInclude Include="Event_TeleportNPC.h">
      <Filter>Header Files\Events</Filter>
    </ClInclude>
    <ClInclude Include="AudioDefinition.h">
      <Filter>Header Files\Utilities</Filter>
    </ClInclude>
    <ClInclude Include="Chr_MajorNPC.h">
      <Filter>Header Files\Characters\Examples</Filter>
    </ClInclude>
    <ClInclude Include="Event_StopAudio.h">
      <Filter>Header Files\Events</Filter>
    </ClInclude>
    <ClInclude Include="SoundtrackManager.h">
      <Filter>Header Files</Filter>
    </ClInclude>
    <ClInclude Include="Attack_HorizontalLineArrow.h">
      <Filter>Header Files\Battle\Attacks</Filter>
    </ClInclude>
    <ClInclude Include="Attack_SafeBox.h">
      <Filter>Header Files\Battle\Attacks</Filter>
    </ClInclude>
    <ClInclude Include="Attack_Clock.h">
      <Filter>Header Files\Battle\Attacks</Filter>
    </ClInclude>
    <ClInclude Include="AttackPattern_SafeSquares.h">
      <Filter>Header Files\Battle\Attack Patterns</Filter>
    </ClInclude>
    <ClInclude Include="Attack_Dot.h">
      <Filter>Header Files\Battle\Attacks</Filter>
    </ClInclude>
    <ClInclude Include="AttackPattern_HailStorm.h">
      <Filter>Header Files\Battle\Attack Patterns</Filter>
    </ClInclude>
    <ClInclude Include="AttackPattern_CoordinatedStorm.h">
      <Filter>Header Files\Battle\Attack Patterns</Filter>
    </ClInclude>
    <ClInclude Include="AttackPattern_ShootSnake.h">
      <Filter>Header Files\Battle\Multi-Attack Patterns</Filter>
    </ClInclude>
    <ClInclude Include="AttackPattern_ShootExplode.h">
      <Filter>Header Files\Battle\Multi-Attack Patterns</Filter>
    </ClInclude>
    <ClInclude Include="AttackPattern_SnakeExplode.h">
      <Filter>Header Files\Battle\Multi-Attack Patterns</Filter>
    </ClInclude>
    <ClInclude Include="AttackPattern_SnakeCoordinatedStorm.h">
      <Filter>Header Files\Battle\Multi-Attack Patterns</Filter>
    </ClInclude>
    <ClInclude Include="AttackPattern_SnakeHailStorm.h">
      <Filter>Header Files\Battle\Multi-Attack Patterns</Filter>
    </ClInclude>
  </ItemGroup>
  <ItemGroup>
    <ResourceCompile Include="LaunchWin32WindowFromConsole.rc">
      <Filter>Resource Files</Filter>
    </ResourceCompile>
  </ItemGroup>
  <ItemGroup>
    <Image Include="LaunchWin32WindowFromConsole.ico">
      <Filter>Resource Files</Filter>
    </Image>
    <Image Include="resources\sprites\mk.bmp">
      <Filter>Resource Files</Filter>
    </Image>
    <Image Include="resources\sprites\bonny_neutral.bmp">
      <Filter>Resource Files\Sprites</Filter>
    </Image>
    <Image Include="resources\sprites\aki_angry_neutral.bmp">
      <Filter>Resource Files\Sprites</Filter>
    </Image>
    <Image Include="resources\sprites\aki_happy_neutral.bmp">
      <Filter>Resource Files\Sprites</Filter>
    </Image>
    <Image Include="resources\sprites\aki_insane_nervous_dead.bmp">
      <Filter>Resource Files\Sprites</Filter>
    </Image>
    <Image Include="resources\sprites\aki_insane_neutral_happy.bmp">
      <Filter>Resource Files\Sprites</Filter>
    </Image>
    <Image Include="resources\sprites\aki_mad.bmp">
      <Filter>Resource Files\Sprites</Filter>
    </Image>
    <Image Include="resources\sprites\aki_nervous.bmp">
      <Filter>Resource Files\Sprites</Filter>
    </Image>
    <Image Include="resources\sprites\bonny_angry.bmp">
      <Filter>Resource Files\Sprites</Filter>
    </Image>
    <Image Include="resources\sprites\bonny_happy.bmp">
      <Filter>Resource Files\Sprites</Filter>
    </Image>
    <Image Include="resources\sprites\bonny_nervous_dead.bmp">
      <Filter>Resource Files\Sprites</Filter>
    </Image>
    <Image Include="resources\sprites\mini_boss_1_mad.bmp">
      <Filter>Resource Files\Sprites</Filter>
    </Image>
    <Image Include="resources\sprites\mini_boss_1_nervous_dead.bmp">
      <Filter>Resource Files\Sprites</Filter>
    </Image>
    <Image Include="resources\sprites\mini_boss_1_neutral_happy.bmp">
      <Filter>Resource Files\Sprites</Filter>
    </Image>
    <Image Include="resources\sprites\mini_boss_2_angry.bmp">
      <Filter>Resource Files\Sprites</Filter>
    </Image>
    <Image Include="resources\sprites\mini_boss_2_nervous_dead.bmp">
      <Filter>Resource Files\Sprites</Filter>
    </Image>
    <Image Include="resources\sprites\mini_boss_2_neutral_happy.bmp">
      <Filter>Resource Files\Sprites</Filter>
    </Image>
    <Image Include="resources\sprites\mini_boss_3_angry.bmp">
      <Filter>Resource Files\Sprites</Filter>
    </Image>
    <Image Include="resources\sprites\mini_boss_3_nervous_dead.bmp">
      <Filter>Resource Files\Sprites</Filter>
    </Image>
    <Image Include="resources\sprites\mini_boss_3_neutral_happy.bmp">
      <Filter>Resource Files\Sprites</Filter>
    </Image>
    <Image Include="resources\sprites\mini_boss_4_angry.bmp">
      <Filter>Resource Files\Sprites</Filter>
    </Image>
    <Image Include="resources\sprites\mini_boss_4_nervous_dead.bmp">
      <Filter>Resource Files\Sprites</Filter>
    </Image>
    <Image Include="resources\sprites\mini_boss_4_neutral_happy.bmp">
      <Filter>Resource Files\Sprites</Filter>
    </Image>
    <Image Include="resources\sprites\moltar.bmp">
      <Filter>Resource Files\Sprites</Filter>
    </Image>
    <Image Include="resources\sprites\ryuuko_friend.bmp">
      <Filter>Resource Files\Sprites</Filter>
    </Image>
    <Image Include="resources\sprites\ryuuko_happy.bmp">
      <Filter>Resource Files\Sprites</Filter>
    </Image>
    <Image Include="resources\sprites\ryuuko_mad.bmp">
      <Filter>Resource Files\Sprites</Filter>
    </Image>
    <Image Include="resources\sprites\ryuuko_nervous.bmp">
      <Filter>Resource Files\Sprites</Filter>
    </Image>
    <Image Include="resources\sprites\ryuuko_neutral.bmp">
      <Filter>Resource Files\Sprites</Filter>
    </Image>
    <Image Include="resources\sprites\sharktooth_angry.bmp">
      <Filter>Resource Files\Sprites</Filter>
    </Image>
    <Image Include="resources\sprites\sharktooth_happy.bmp">
      <Filter>Resource Files\Sprites</Filter>
    </Image>
    <Image Include="resources\sprites\sharktooth_nervous_dead.bmp">
      <Filter>Resource Files\Sprites</Filter>
    </Image>
    <Image Include="resources\sprites\sharktooth_neutral.bmp">
      <Filter>Resource Files\Sprites</Filter>
    </Image>
    <Image Include="resources\sprites\tutorial.bmp">
      <Filter>Resource Files\Sprites</Filter>
    </Image>
  </ItemGroup>
</Project>